
Microsoft Visual Studio Solution File, Format Version 12.00
# Visual Studio Version 17
VisualStudioVersion = 17.6.33712.159
MinimumVisualStudioVersion = 10.0.40219.1
Project("{9A19103F-16F7-4668-BE54-9A1E7A4F7556}") = "MorePortableStorages", "MorePortableStorages.csproj", "{FC06B9E3-6F87-448D-8AFD-AE9570E92B64}"
EndProject
Global
	GlobalSection(SolutionConfigurationPlatforms) = preSolution
		Debug|Any CPU = Debug|Any CPU
		Release|Any CPU = Release|Any CPU
	EndGlobalSection
	GlobalSection(ProjectConfigurationPlatforms) = postSolution
		{FC06B9E3-6F87-448D-8AFD-AE9570E92B64}.Debug|Any CPU.ActiveCfg = Debug|Any CPU
		{FC06B9E3-6F87-448D-8AFD-AE9570E92B64}.Debug|Any CPU.Build.0 = Debug|Any CPU
		{FC06B9E3-6F87-448D-8AFD-AE9570E92B64}.Release|Any CPU.ActiveCfg = Release|Any CPU
		{FC06B9E3-6F87-448D-8AFD-AE9570E92B64}.Release|Any CPU.Build.0 = Release|Any CPU
	EndGlobalSection
	GlobalSection(SolutionProperties) = preSolution
		HideSolutionNode = FALSE
	EndGlobalSection
	GlobalSection(ExtensibilityGlobals) = postSolution
		SolutionGuid = {2F04D939-86B2-49DC-BAF6-BAF385B3A91F}
	EndGlobalSection
EndGlobal
